# This file is automatically @generated by Poetry 1.5.0 and should not be changed by hand.

[[package]]
name = "aerofiles"
version = "1.1.1"
description = "waypoint, task, tracklog readers and writers for aviation"
optional = false
python-versions = "*"
files = [
    {file = "aerofiles-1.1.1.tar.gz", hash = "sha256:d7dbd7a422ec2be32e5345e0b6e5c10848373d81d89aadb84ec03f81a4346313"},
]

[metadata]
lock-version = "2.0"
python-versions = "^3.11"
content-hash = "b0b6376145484c6af08a4bff14564688d149303bd848f1d06d4455dbc9d49084"
